
Microsoft Visual Studio Solution File, Format Version 12.00
# Visual Studio Version 16
VisualStudioVersion = 16.0.30907.101
MinimumVisualStudioVersion = 10.0.40219.1
Project("{9A19103F-16F7-4668-BE54-9A1E7A4F7556}") = "project_sem", "project_sem\project_sem.csproj", "{240FCD5A-8FA3-4E48-A724-3E65E8342D89}"
EndProject
Global
	GlobalSection(SolutionConfigurationPlatforms) = preSolution
		Debug|Any CPU = Debug|Any CPU
		Release|Any CPU = Release|Any CPU
	EndGlobalSection
	GlobalSection(ProjectConfigurationPlatforms) = postSolution
		{240FCD5A-8FA3-4E48-A724-3E65E8342D89}.Debug|Any CPU.ActiveCfg = Debug|Any CPU
		{240FCD5A-8FA3-4E48-A724-3E65E8342D89}.Debug|Any CPU.Build.0 = Debug|Any CPU
		{240FCD5A-8FA3-4E48-A724-3E65E8342D89}.Release|Any CPU.ActiveCfg = Release|Any CPU
		{240FCD5A-8FA3-4E48-A724-3E65E8342D89}.Release|Any CPU.Build.0 = Release|Any CPU
	EndGlobalSection
	GlobalSection(SolutionProperties) = preSolution
		HideSolutionNode = FALSE
	EndGlobalSection
	GlobalSection(ExtensibilityGlobals) = postSolution
		SolutionGuid = {B7023898-EF3B-4E2F-9CA5-ACE1EB49024C}
	EndGlobalSection
EndGlobal
